// !$*UTF8*$!
{
	archiveVersion = 1;
	classes = {
	};
	objectVersion = 46;
	objects = {

/* Begin PBXBuildFile section */
		7D099ABD1CE74BF300CFCC7F /* Starscream.framework in Embed Frameworks */ = {isa = PBXBuildFile; fileRef = 7DD2ABD11CE745BB0025024C /* Starscream.framework */; settings = {ATTRIBUTES = (CodeSignOnCopy, RemoveHeadersOnCopy, ); }; };
		7D099ABF1CE75EE600CFCC7F /* SRMDelegate.swift in Sources */ = {isa = PBXBuildFile; fileRef = 7D099ABE1CE75EE600CFCC7F /* SRMDelegate.swift */; };
		7D099AC11CE75F0200CFCC7F /* SlackEvent.swift in Sources */ = {isa = PBXBuildFile; fileRef = 7D099AC01CE75F0200CFCC7F /* SlackEvent.swift */; };
		7D099AC31CE7641A00CFCC7F /* SlackMessage.swift in Sources */ = {isa = PBXBuildFile; fileRef = 7D099AC21CE7641A00CFCC7F /* SlackMessage.swift */; };
		7D099AC51CE765C300CFCC7F /* SlackChannel.swift in Sources */ = {isa = PBXBuildFile; fileRef = 7D099AC41CE765C300CFCC7F /* SlackChannel.swift */; };
		7D099AC71CE76D6A00CFCC7F /* SlackFetcher.swift in Sources */ = {isa = PBXBuildFile; fileRef = 7D099AC61CE76D6A00CFCC7F /* SlackFetcher.swift */; };
		7D099ACA1CE7777500CFCC7F /* SlackTeam.swift in Sources */ = {isa = PBXBuildFile; fileRef = 7D099AC91CE7777500CFCC7F /* SlackTeam.swift */; };
		7D099ACC1CE777E400CFCC7F /* SRMRetriever.swift in Sources */ = {isa = PBXBuildFile; fileRef = 7D099ACB1CE777E400CFCC7F /* SRMRetriever.swift */; };
		7D099AD11CE78C0D00CFCC7F /* AppDelegate.swift in Sources */ = {isa = PBXBuildFile; fileRef = 7D7B934D1CE71D8700A03DAC /* AppDelegate.swift */; };
		7D099AE51CE7D36200CFCC7F /* ChatBot.swift in Sources */ = {isa = PBXBuildFile; fileRef = 7D099AE21CE7D36200CFCC7F /* ChatBot.swift */; };
		7D099AE61CE7D36200CFCC7F /* Token.swift in Sources */ = {isa = PBXBuildFile; fileRef = 7D099AE31CE7D36200CFCC7F /* Token.swift */; };
		7D099AE71CE7D36200CFCC7F /* Tokenizer.swift in Sources */ = {isa = PBXBuildFile; fileRef = 7D099AE41CE7D36200CFCC7F /* Tokenizer.swift */; };
		7D099AF51CE7E25B00CFCC7F /* Parser.swift in Sources */ = {isa = PBXBuildFile; fileRef = 7D099AF41CE7E25A00CFCC7F /* Parser.swift */; };
		7D099B481CE7FEC500CFCC7F /* String.swift in Sources */ = {isa = PBXBuildFile; fileRef = 7D7B93751CE76CB400A03DAC /* String.swift */; };
		7D099B491CE7FEC500CFCC7F /* SlackAuthenticator.swift in Sources */ = {isa = PBXBuildFile; fileRef = 7DD2ABCD1CE73BC80025024C /* SlackAuthenticator.swift */; };
		7D099B4A1CE7FEC500CFCC7F /* SlackRealtimeMessager.swift in Sources */ = {isa = PBXBuildFile; fileRef = 7DD2ABD31CE745C70025024C /* SlackRealtimeMessager.swift */; };
		7D7B93531CE71D8700A03DAC /* Main.storyboard in Resources */ = {isa = PBXBuildFile; fileRef = 7D7B93511CE71D8700A03DAC /* Main.storyboard */; };
		7D7B93551CE71D8700A03DAC /* Assets.xcassets in Resources */ = {isa = PBXBuildFile; fileRef = 7D7B93541CE71D8700A03DAC /* Assets.xcassets */; };
		7D7B93581CE71D8700A03DAC /* LaunchScreen.storyboard in Resources */ = {isa = PBXBuildFile; fileRef = 7D7B93561CE71D8700A03DAC /* LaunchScreen.storyboard */; };
		7D7B93791CE7A98600A03DAC /* DataPersistor.swift in Sources */ = {isa = PBXBuildFile; fileRef = 7D7B93781CE7A98600A03DAC /* DataPersistor.swift */; };
		7D7B93901CE7C87900A03DAC /* ActivityViewController.swift in Sources */ = {isa = PBXBuildFile; fileRef = 7D7B93861CE7C87900A03DAC /* ActivityViewController.swift */; };
		7D7B93911CE7C87900A03DAC /* Message.swift in Sources */ = {isa = PBXBuildFile; fileRef = 7D7B93881CE7C87900A03DAC /* Message.swift */; };
		7D7B93921CE7C87900A03DAC /* MessagesTableView.swift in Sources */ = {isa = PBXBuildFile; fileRef = 7D7B93891CE7C87900A03DAC /* MessagesTableView.swift */; };
		7D7B93931CE7C87900A03DAC /* MessagesViewController.swift in Sources */ = {isa = PBXBuildFile; fileRef = 7D7B938A1CE7C87900A03DAC /* MessagesViewController.swift */; };
		7D7B93941CE7C87900A03DAC /* MessageTableViewCell.swift in Sources */ = {isa = PBXBuildFile; fileRef = 7D7B938B1CE7C87900A03DAC /* MessageTableViewCell.swift */; };
		7D7B93971CE7C87900A03DAC /* StoryboardInstantiable.swift in Sources */ = {isa = PBXBuildFile; fileRef = 7D7B938F1CE7C87900A03DAC /* StoryboardInstantiable.swift */; };
		7D7B939B1CE7CA8100A03DAC /* ENSideMenu.swift in Sources */ = {isa = PBXBuildFile; fileRef = 7D7B93991CE7CA8100A03DAC /* ENSideMenu.swift */; };
		7D7B939C1CE7CA8100A03DAC /* ENSideMenuNavigationController.swift in Sources */ = {isa = PBXBuildFile; fileRef = 7D7B939A1CE7CA8100A03DAC /* ENSideMenuNavigationController.swift */; };
		7D7B939F1CE7CAC200A03DAC /* SideMenuViewController.swift in Sources */ = {isa = PBXBuildFile; fileRef = 7D7B939E1CE7CAC100A03DAC /* SideMenuViewController.swift */; };
		7D7B93A11CE7CB8800A03DAC /* ChannelTableViewCell.swift in Sources */ = {isa = PBXBuildFile; fileRef = 7D7B93A01CE7CB8800A03DAC /* ChannelTableViewCell.swift */; };
		7D7B93A31CE7CB9900A03DAC /* UserTableViewCell.swift in Sources */ = {isa = PBXBuildFile; fileRef = 7D7B93A21CE7CB9900A03DAC /* UserTableViewCell.swift */; };
		7D7B93A51CE7CC7F00A03DAC /* UsersTableView.swift in Sources */ = {isa = PBXBuildFile; fileRef = 7D7B93A41CE7CC7F00A03DAC /* UsersTableView.swift */; };
		7D7B93A71CE7CC8E00A03DAC /* ChannelsTableView.swift in Sources */ = {isa = PBXBuildFile; fileRef = 7D7B93A61CE7CC8E00A03DAC /* ChannelsTableView.swift */; };
		7D7B93A91CE7D1E100A03DAC /* NavigationController.swift in Sources */ = {isa = PBXBuildFile; fileRef = 7D7B93A81CE7D1E100A03DAC /* NavigationController.swift */; };
		7DD2ABCA1CE721F70025024C /* SlackClient.swift in Sources */ = {isa = PBXBuildFile; fileRef = 7DD2ABC91CE721F70025024C /* SlackClient.swift */; };
		7DD2ABD01CE73D160025024C /* SlackUser.swift in Sources */ = {isa = PBXBuildFile; fileRef = 7DD2ABCF1CE73D160025024C /* SlackUser.swift */; };
		7DD2ABD21CE745BB0025024C /* Starscream.framework in Frameworks */ = {isa = PBXBuildFile; fileRef = 7DD2ABD11CE745BB0025024C /* Starscream.framework */; };
		B1489F6C1CE7A82B00B84213 /* Board.swift in Sources */ = {isa = PBXBuildFile; fileRef = B1489F6B1CE7A82B00B84213 /* Board.swift */; };
		B1489F6E1CE7AADD00B84213 /* BoardMember.swift in Sources */ = {isa = PBXBuildFile; fileRef = B1489F6D1CE7AADD00B84213 /* BoardMember.swift */; };
		B1489F701CE7B08E00B84213 /* List.swift in Sources */ = {isa = PBXBuildFile; fileRef = B1489F6F1CE7B08E00B84213 /* List.swift */; };
		B159DD9D1CE7635700129DC7 /* Trello.swift in Sources */ = {isa = PBXBuildFile; fileRef = B159DD9C1CE7635700129DC7 /* Trello.swift */; };
		B159DD9F1CE767CC00129DC7 /* TrelloRequester.swift in Sources */ = {isa = PBXBuildFile; fileRef = B159DD9E1CE767CC00129DC7 /* TrelloRequester.swift */; };
		B159DDBC1CE76D2000129DC7 /* Alamofire.framework in Frameworks */ = {isa = PBXBuildFile; fileRef = B159DDAD1CE76CA500129DC7 /* Alamofire.framework */; };
		B159DDBD1CE76D2000129DC7 /* Alamofire.framework in Embed Frameworks */ = {isa = PBXBuildFile; fileRef = B159DDAD1CE76CA500129DC7 /* Alamofire.framework */; settings = {ATTRIBUTES = (CodeSignOnCopy, RemoveHeadersOnCopy, ); }; };
		B19D03D71CE7B9BD00CB8BA6 /* Card.swift in Sources */ = {isa = PBXBuildFile; fileRef = B19D03D61CE7B9BD00CB8BA6 /* Card.swift */; };
		B19D03E61CE7C21800CB8BA6 /* NSData+Trello.swift in Sources */ = {isa = PBXBuildFile; fileRef = B19D03E51CE7C21800CB8BA6 /* NSData+Trello.swift */; };
		B19D03FC1CE7CE8D00CB8BA6 /* OAuthSwift.framework in Frameworks */ = {isa = PBXBuildFile; fileRef = B159DD8D1CE7554200129DC7 /* OAuthSwift.framework */; };
		B19D03FD1CE7CE8D00CB8BA6 /* OAuthSwift.framework in Embed Frameworks */ = {isa = PBXBuildFile; fileRef = B159DD8D1CE7554200129DC7 /* OAuthSwift.framework */; settings = {ATTRIBUTES = (CodeSignOnCopy, RemoveHeadersOnCopy, ); }; };
		B19D04031CE7DDA100CB8BA6 /* TrelloDataHolder.swift in Sources */ = {isa = PBXBuildFile; fileRef = B19D04021CE7DDA100CB8BA6 /* TrelloDataHolder.swift */; };
		B19D04111CE7E21900CB8BA6 /* Member.swift in Sources */ = {isa = PBXBuildFile; fileRef = B19D04101CE7E21900CB8BA6 /* Member.swift */; };
		B19D04131CE7F01900CB8BA6 /* TrelloInterface.swift in Sources */ = {isa = PBXBuildFile; fileRef = B19D04121CE7F01900CB8BA6 /* TrelloInterface.swift */; };
/* End PBXBuildFile section */

/* Begin PBXContainerItemProxy section */
		B159DD8C1CE7554200129DC7 /* PBXContainerItemProxy */ = {
			isa = PBXContainerItemProxy;
			containerPortal = B159DD821CE7554200129DC7 /* OAuthSwift.xcodeproj */;
			proxyType = 2;
			remoteGlobalIDString = F435027A1A6791B200038A29;
			remoteInfo = OAuthSwift;
		};
		B159DD8E1CE7554200129DC7 /* PBXContainerItemProxy */ = {
			isa = PBXContainerItemProxy;
			containerPortal = B159DD821CE7554200129DC7 /* OAuthSwift.xcodeproj */;
			proxyType = 2;
			remoteGlobalIDString = F451E3C5195B8CD80051434C;
			remoteInfo = OAuthSwiftDemo;
		};
		B159DD901CE7554200129DC7 /* PBXContainerItemProxy */ = {
			isa = PBXContainerItemProxy;
			containerPortal = B159DD821CE7554200129DC7 /* OAuthSwift.xcodeproj */;
			proxyType = 2;
			remoteGlobalIDString = C48B28021AFA598D00C7DEF6;
			remoteInfo = OAuthSwiftOSX;
		};
		B159DD921CE7554200129DC7 /* PBXContainerItemProxy */ = {
			isa = PBXContainerItemProxy;
			containerPortal = B159DD821CE7554200129DC7 /* OAuthSwift.xcodeproj */;
			proxyType = 2;
			remoteGlobalIDString = C49FD5241AFB5DF500791E1A;
			remoteInfo = OAuthSwiftOSXDemo;
		};
		B159DD941CE7554200129DC7 /* PBXContainerItemProxy */ = {
			isa = PBXContainerItemProxy;
			containerPortal = B159DD821CE7554200129DC7 /* OAuthSwift.xcodeproj */;
			proxyType = 2;
			remoteGlobalIDString = C4B6EE1E1BF74CE300443596;
			remoteInfo = OAuthSwiftTVOS;
		};
		B159DD961CE7554200129DC7 /* PBXContainerItemProxy */ = {
			isa = PBXContainerItemProxy;
			containerPortal = B159DD821CE7554200129DC7 /* OAuthSwift.xcodeproj */;
			proxyType = 2;
			remoteGlobalIDString = C40890C01C11B37000E3146A;
			remoteInfo = OAuthSwiftWatchOS;
		};
		B159DD981CE7554200129DC7 /* PBXContainerItemProxy */ = {
			isa = PBXContainerItemProxy;
			containerPortal = B159DD821CE7554200129DC7 /* OAuthSwift.xcodeproj */;
			proxyType = 2;
			remoteGlobalIDString = C4D50DF71BFB693F0053B624;
			remoteInfo = OAuthSwiftTests;
		};
		B159DDAC1CE76CA500129DC7 /* PBXContainerItemProxy */ = {
			isa = PBXContainerItemProxy;
			containerPortal = B159DDA21CE76CA500129DC7 /* Alamofire.xcodeproj */;
			proxyType = 2;
			remoteGlobalIDString = F8111E3319A95C8B0040E7D1;
			remoteInfo = "Alamofire iOS";
		};
		B159DDAE1CE76CA500129DC7 /* PBXContainerItemProxy */ = {
			isa = PBXContainerItemProxy;
			containerPortal = B159DDA21CE76CA500129DC7 /* Alamofire.xcodeproj */;
			proxyType = 2;
			remoteGlobalIDString = F8111E3E19A95C8B0040E7D1;
			remoteInfo = "Alamofire iOS Tests";
		};
		B159DDB01CE76CA500129DC7 /* PBXContainerItemProxy */ = {
			isa = PBXContainerItemProxy;
			containerPortal = B159DDA21CE76CA500129DC7 /* Alamofire.xcodeproj */;
			proxyType = 2;
			remoteGlobalIDString = 4DD67C0B1A5C55C900ED2280;
			remoteInfo = "Alamofire OSX";
		};
		B159DDB21CE76CA500129DC7 /* PBXContainerItemProxy */ = {
			isa = PBXContainerItemProxy;
			containerPortal = B159DDA21CE76CA500129DC7 /* Alamofire.xcodeproj */;
			proxyType = 2;
			remoteGlobalIDString = F829C6B21A7A94F100A2CD59;
			remoteInfo = "Alamofire OSX Tests";
		};
		B159DDB41CE76CA500129DC7 /* PBXContainerItemProxy */ = {
			isa = PBXContainerItemProxy;
			containerPortal = B159DDA21CE76CA500129DC7 /* Alamofire.xcodeproj */;
			proxyType = 2;
			remoteGlobalIDString = 4CF626EF1BA7CB3E0011A099;
			remoteInfo = "Alamofire tvOS";
		};
		B159DDB61CE76CA500129DC7 /* PBXContainerItemProxy */ = {
			isa = PBXContainerItemProxy;
			containerPortal = B159DDA21CE76CA500129DC7 /* Alamofire.xcodeproj */;
			proxyType = 2;
			remoteGlobalIDString = 4CF626F81BA7CB3E0011A099;
			remoteInfo = "Alamofire tvOS Tests";
		};
		B159DDB81CE76CA500129DC7 /* PBXContainerItemProxy */ = {
			isa = PBXContainerItemProxy;
			containerPortal = B159DDA21CE76CA500129DC7 /* Alamofire.xcodeproj */;
			proxyType = 2;
			remoteGlobalIDString = E4202FE01B667AA100C997FB;
			remoteInfo = "Alamofire watchOS";
		};
		B159DDBA1CE76CF500129DC7 /* PBXContainerItemProxy */ = {
			isa = PBXContainerItemProxy;
			containerPortal = B159DDA21CE76CA500129DC7 /* Alamofire.xcodeproj */;
			proxyType = 1;
			remoteGlobalIDString = F8111E3219A95C8B0040E7D1;
			remoteInfo = "Alamofire iOS";
		};
		B159DDBE1CE76D2000129DC7 /* PBXContainerItemProxy */ = {
			isa = PBXContainerItemProxy;
			containerPortal = B159DDA21CE76CA500129DC7 /* Alamofire.xcodeproj */;
			proxyType = 1;
			remoteGlobalIDString = F8111E3219A95C8B0040E7D1;
			remoteInfo = "Alamofire iOS";
		};
		B19D03FA1CE7CE7D00CB8BA6 /* PBXContainerItemProxy */ = {
			isa = PBXContainerItemProxy;
			containerPortal = B159DD821CE7554200129DC7 /* OAuthSwift.xcodeproj */;
			proxyType = 1;
			remoteGlobalIDString = F43502791A6791B200038A29;
			remoteInfo = OAuthSwift;
		};
		B19D03FE1CE7CE8D00CB8BA6 /* PBXContainerItemProxy */ = {
			isa = PBXContainerItemProxy;
			containerPortal = B159DD821CE7554200129DC7 /* OAuthSwift.xcodeproj */;
			proxyType = 1;
			remoteGlobalIDString = F43502791A6791B200038A29;
			remoteInfo = OAuthSwift;
		};
/* End PBXContainerItemProxy section */

/* Begin PBXCopyFilesBuildPhase section */
		7D7B93641CE73B8700A03DAC /* Embed Frameworks */ = {
			isa = PBXCopyFilesBuildPhase;
			buildActionMask = 2147483647;
			dstPath = "";
			dstSubfolderSpec = 10;
			files = (
				7D099ABD1CE74BF300CFCC7F /* Starscream.framework in Embed Frameworks */,
				B19D03FD1CE7CE8D00CB8BA6 /* OAuthSwift.framework in Embed Frameworks */,
				B159DDBD1CE76D2000129DC7 /* Alamofire.framework in Embed Frameworks */,
			);
			name = "Embed Frameworks";
			runOnlyForDeploymentPostprocessing = 0;
		};
/* End PBXCopyFilesBuildPhase section */

/* Begin PBXFileReference section */
		7D099ABE1CE75EE600CFCC7F /* SRMDelegate.swift */ = {isa = PBXFileReference; fileEncoding = 4; lastKnownFileType = sourcecode.swift; path = SRMDelegate.swift; sourceTree = "<group>"; };
		7D099AC01CE75F0200CFCC7F /* SlackEvent.swift */ = {isa = PBXFileReference; fileEncoding = 4; lastKnownFileType = sourcecode.swift; path = SlackEvent.swift; sourceTree = "<group>"; };
		7D099AC21CE7641A00CFCC7F /* SlackMessage.swift */ = {isa = PBXFileReference; fileEncoding = 4; lastKnownFileType = sourcecode.swift; path = SlackMessage.swift; sourceTree = "<group>"; };
		7D099AC41CE765C300CFCC7F /* SlackChannel.swift */ = {isa = PBXFileReference; fileEncoding = 4; lastKnownFileType = sourcecode.swift; path = SlackChannel.swift; sourceTree = "<group>"; };
		7D099AC61CE76D6A00CFCC7F /* SlackFetcher.swift */ = {isa = PBXFileReference; fileEncoding = 4; lastKnownFileType = sourcecode.swift; path = SlackFetcher.swift; sourceTree = "<group>"; };
		7D099AC91CE7777500CFCC7F /* SlackTeam.swift */ = {isa = PBXFileReference; fileEncoding = 4; lastKnownFileType = sourcecode.swift; path = SlackTeam.swift; sourceTree = "<group>"; };
		7D099ACB1CE777E400CFCC7F /* SRMRetriever.swift */ = {isa = PBXFileReference; fileEncoding = 4; lastKnownFileType = sourcecode.swift; path = SRMRetriever.swift; sourceTree = "<group>"; };
		7D099AE21CE7D36200CFCC7F /* ChatBot.swift */ = {isa = PBXFileReference; fileEncoding = 4; lastKnownFileType = sourcecode.swift; path = ChatBot.swift; sourceTree = "<group>"; };
		7D099AE31CE7D36200CFCC7F /* Token.swift */ = {isa = PBXFileReference; fileEncoding = 4; lastKnownFileType = sourcecode.swift; path = Token.swift; sourceTree = "<group>"; };
		7D099AE41CE7D36200CFCC7F /* Tokenizer.swift */ = {isa = PBXFileReference; fileEncoding = 4; lastKnownFileType = sourcecode.swift; path = Tokenizer.swift; sourceTree = "<group>"; };
		7D099AF41CE7E25A00CFCC7F /* Parser.swift */ = {isa = PBXFileReference; fileEncoding = 4; lastKnownFileType = sourcecode.swift; path = Parser.swift; sourceTree = "<group>"; };
		7D7B934A1CE71D8700A03DAC /* Assistant.app */ = {isa = PBXFileReference; explicitFileType = wrapper.application; includeInIndex = 0; path = Assistant.app; sourceTree = BUILT_PRODUCTS_DIR; };
		7D7B934D1CE71D8700A03DAC /* AppDelegate.swift */ = {isa = PBXFileReference; lastKnownFileType = sourcecode.swift; path = AppDelegate.swift; sourceTree = "<group>"; };
		7D7B93521CE71D8700A03DAC /* Base */ = {isa = PBXFileReference; lastKnownFileType = file.storyboard; name = Base; path = Base.lproj/Main.storyboard; sourceTree = "<group>"; };
		7D7B93541CE71D8700A03DAC /* Assets.xcassets */ = {isa = PBXFileReference; lastKnownFileType = folder.assetcatalog; path = Assets.xcassets; sourceTree = "<group>"; };
		7D7B93571CE71D8700A03DAC /* Base */ = {isa = PBXFileReference; lastKnownFileType = file.storyboard; name = Base; path = Base.lproj/LaunchScreen.storyboard; sourceTree = "<group>"; };
		7D7B93591CE71D8700A03DAC /* Info.plist */ = {isa = PBXFileReference; lastKnownFileType = text.plist.xml; path = Info.plist; sourceTree = "<group>"; };
		7D7B93751CE76CB400A03DAC /* String.swift */ = {isa = PBXFileReference; fileEncoding = 4; lastKnownFileType = sourcecode.swift; path = String.swift; sourceTree = "<group>"; };
		7D7B93781CE7A98600A03DAC /* DataPersistor.swift */ = {isa = PBXFileReference; fileEncoding = 4; lastKnownFileType = sourcecode.swift; name = DataPersistor.swift; path = Assistant/Extensions/DataPersistor.swift; sourceTree = SOURCE_ROOT; };
		7D7B93861CE7C87900A03DAC /* ActivityViewController.swift */ = {isa = PBXFileReference; fileEncoding = 4; lastKnownFileType = sourcecode.swift; path = ActivityViewController.swift; sourceTree = "<group>"; };
		7D7B93881CE7C87900A03DAC /* Message.swift */ = {isa = PBXFileReference; fileEncoding = 4; lastKnownFileType = sourcecode.swift; path = Message.swift; sourceTree = "<group>"; };
		7D7B93891CE7C87900A03DAC /* MessagesTableView.swift */ = {isa = PBXFileReference; fileEncoding = 4; lastKnownFileType = sourcecode.swift; path = MessagesTableView.swift; sourceTree = "<group>"; };
		7D7B938A1CE7C87900A03DAC /* MessagesViewController.swift */ = {isa = PBXFileReference; fileEncoding = 4; lastKnownFileType = sourcecode.swift; path = MessagesViewController.swift; sourceTree = "<group>"; };
		7D7B938B1CE7C87900A03DAC /* MessageTableViewCell.swift */ = {isa = PBXFileReference; fileEncoding = 4; lastKnownFileType = sourcecode.swift; path = MessageTableViewCell.swift; sourceTree = "<group>"; };
		7D7B938F1CE7C87900A03DAC /* StoryboardInstantiable.swift */ = {isa = PBXFileReference; fileEncoding = 4; lastKnownFileType = sourcecode.swift; path = StoryboardInstantiable.swift; sourceTree = "<group>"; };
		7D7B93991CE7CA8100A03DAC /* ENSideMenu.swift */ = {isa = PBXFileReference; fileEncoding = 4; lastKnownFileType = sourcecode.swift; path = ENSideMenu.swift; sourceTree = "<group>"; };
		7D7B939A1CE7CA8100A03DAC /* ENSideMenuNavigationController.swift */ = {isa = PBXFileReference; fileEncoding = 4; lastKnownFileType = sourcecode.swift; path = ENSideMenuNavigationController.swift; sourceTree = "<group>"; };
		7D7B939E1CE7CAC100A03DAC /* SideMenuViewController.swift */ = {isa = PBXFileReference; fileEncoding = 4; lastKnownFileType = sourcecode.swift; path = SideMenuViewController.swift; sourceTree = "<group>"; };
		7D7B93A01CE7CB8800A03DAC /* ChannelTableViewCell.swift */ = {isa = PBXFileReference; fileEncoding = 4; lastKnownFileType = sourcecode.swift; path = ChannelTableViewCell.swift; sourceTree = "<group>"; };
		7D7B93A21CE7CB9900A03DAC /* UserTableViewCell.swift */ = {isa = PBXFileReference; fileEncoding = 4; lastKnownFileType = sourcecode.swift; path = UserTableViewCell.swift; sourceTree = "<group>"; };
		7D7B93A41CE7CC7F00A03DAC /* UsersTableView.swift */ = {isa = PBXFileReference; fileEncoding = 4; lastKnownFileType = sourcecode.swift; path = UsersTableView.swift; sourceTree = "<group>"; };
		7D7B93A61CE7CC8E00A03DAC /* ChannelsTableView.swift */ = {isa = PBXFileReference; fileEncoding = 4; lastKnownFileType = sourcecode.swift; path = ChannelsTableView.swift; sourceTree = "<group>"; };
		7D7B93A81CE7D1E100A03DAC /* NavigationController.swift */ = {isa = PBXFileReference; fileEncoding = 4; lastKnownFileType = sourcecode.swift; path = NavigationController.swift; sourceTree = "<group>"; };
		7DD2ABC91CE721F70025024C /* SlackClient.swift */ = {isa = PBXFileReference; fileEncoding = 4; lastKnownFileType = sourcecode.swift; path = SlackClient.swift; sourceTree = "<group>"; };
		7DD2ABCD1CE73BC80025024C /* SlackAuthenticator.swift */ = {isa = PBXFileReference; fileEncoding = 4; lastKnownFileType = sourcecode.swift; path = SlackAuthenticator.swift; sourceTree = "<group>"; };
		7DD2ABCF1CE73D160025024C /* SlackUser.swift */ = {isa = PBXFileReference; fileEncoding = 4; lastKnownFileType = sourcecode.swift; path = SlackUser.swift; sourceTree = "<group>"; };
		7DD2ABD11CE745BB0025024C /* Starscream.framework */ = {isa = PBXFileReference; lastKnownFileType = wrapper.framework; path = Starscream.framework; sourceTree = "<group>"; };
		7DD2ABD31CE745C70025024C /* SlackRealtimeMessager.swift */ = {isa = PBXFileReference; fileEncoding = 4; lastKnownFileType = sourcecode.swift; path = SlackRealtimeMessager.swift; sourceTree = "<group>"; };
		B1489F6B1CE7A82B00B84213 /* Board.swift */ = {isa = PBXFileReference; fileEncoding = 4; lastKnownFileType = sourcecode.swift; path = Board.swift; sourceTree = "<group>"; };
		B1489F6D1CE7AADD00B84213 /* BoardMember.swift */ = {isa = PBXFileReference; fileEncoding = 4; lastKnownFileType = sourcecode.swift; path = BoardMember.swift; sourceTree = "<group>"; };
		B1489F6F1CE7B08E00B84213 /* List.swift */ = {isa = PBXFileReference; fileEncoding = 4; lastKnownFileType = sourcecode.swift; path = List.swift; sourceTree = "<group>"; };
		B159DD821CE7554200129DC7 /* OAuthSwift.xcodeproj */ = {isa = PBXFileReference; lastKnownFileType = "wrapper.pb-project"; name = OAuthSwift.xcodeproj; path = "OAuthSwift-0.5.2/OAuthSwift.xcodeproj"; sourceTree = SOURCE_ROOT; };
		B159DD9C1CE7635700129DC7 /* Trello.swift */ = {isa = PBXFileReference; fileEncoding = 4; lastKnownFileType = sourcecode.swift; path = Trello.swift; sourceTree = "<group>"; };
		B159DD9E1CE767CC00129DC7 /* TrelloRequester.swift */ = {isa = PBXFileReference; fileEncoding = 4; lastKnownFileType = sourcecode.swift; path = TrelloRequester.swift; sourceTree = "<group>"; };
		B159DDA21CE76CA500129DC7 /* Alamofire.xcodeproj */ = {isa = PBXFileReference; lastKnownFileType = "wrapper.pb-project"; name = Alamofire.xcodeproj; path = Alamofire/Alamofire.xcodeproj; sourceTree = SOURCE_ROOT; };
		B19D03D61CE7B9BD00CB8BA6 /* Card.swift */ = {isa = PBXFileReference; fileEncoding = 4; lastKnownFileType = sourcecode.swift; path = Card.swift; sourceTree = "<group>"; };
		B19D03E51CE7C21800CB8BA6 /* NSData+Trello.swift */ = {isa = PBXFileReference; fileEncoding = 4; lastKnownFileType = sourcecode.swift; path = "NSData+Trello.swift"; sourceTree = "<group>"; };
		B19D04021CE7DDA100CB8BA6 /* TrelloDataHolder.swift */ = {isa = PBXFileReference; fileEncoding = 4; lastKnownFileType = sourcecode.swift; path = TrelloDataHolder.swift; sourceTree = "<group>"; };
		B19D04101CE7E21900CB8BA6 /* Member.swift */ = {isa = PBXFileReference; fileEncoding = 4; lastKnownFileType = sourcecode.swift; path = Member.swift; sourceTree = "<group>"; };
		B19D04121CE7F01900CB8BA6 /* TrelloInterface.swift */ = {isa = PBXFileReference; fileEncoding = 4; lastKnownFileType = sourcecode.swift; path = TrelloInterface.swift; sourceTree = "<group>"; };
/* End PBXFileReference section */

/* Begin PBXFrameworksBuildPhase section */
		7D7B93471CE71D8700A03DAC /* Frameworks */ = {
			isa = PBXFrameworksBuildPhase;
			buildActionMask = 2147483647;
			files = (
				7DD2ABD21CE745BB0025024C /* Starscream.framework in Frameworks */,
				B19D03FC1CE7CE8D00CB8BA6 /* OAuthSwift.framework in Frameworks */,
				B159DDBC1CE76D2000129DC7 /* Alamofire.framework in Frameworks */,
			);
			runOnlyForDeploymentPostprocessing = 0;
		};
/* End PBXFrameworksBuildPhase section */

/* Begin PBXGroup section */
		7D099AC81CE770E500CFCC7F /* DataTypes */ = {
			isa = PBXGroup;
			children = (
				7DD2ABCF1CE73D160025024C /* SlackUser.swift */,
				7D099AC01CE75F0200CFCC7F /* SlackEvent.swift */,
				7D099AC21CE7641A00CFCC7F /* SlackMessage.swift */,
				7D099AC41CE765C300CFCC7F /* SlackChannel.swift */,
				7D099AC91CE7777500CFCC7F /* SlackTeam.swift */,
			);
			name = DataTypes;
			sourceTree = "<group>";
		};
		7D099AE11CE7D36200CFCC7F /* ChatBot */ = {
			isa = PBXGroup;
			children = (
				7D099AE21CE7D36200CFCC7F /* ChatBot.swift */,
				7D099AE31CE7D36200CFCC7F /* Token.swift */,
				7D099AE41CE7D36200CFCC7F /* Tokenizer.swift */,
				7D099AF41CE7E25A00CFCC7F /* Parser.swift */,
			);
			path = ChatBot;
			sourceTree = "<group>";
		};
		7D7B93411CE71D8700A03DAC = {
			isa = PBXGroup;
			children = (
				7D7B935F1CE73B7C00A03DAC /* Frameworks */,
				7D7B934C1CE71D8700A03DAC /* Assistant */,
				7D7B934B1CE71D8700A03DAC /* Products */,
			);
			sourceTree = "<group>";
		};
		7D7B934B1CE71D8700A03DAC /* Products */ = {
			isa = PBXGroup;
			children = (
				7D7B934A1CE71D8700A03DAC /* Assistant.app */,
			);
			name = Products;
			sourceTree = "<group>";
		};
		7D7B934C1CE71D8700A03DAC /* Assistant */ = {
			isa = PBXGroup;
			children = (
				7D7B93841CE7C87900A03DAC /* View */,
				7D099AE11CE7D36200CFCC7F /* ChatBot */,
				7D7B93741CE76CA700A03DAC /* Extensions */,
				7D7B93771CE7A97400A03DAC /* DataPersistor */,
				7DD2ABC61CE7200D0025024C /* SlackAPI */,
				B159DD811CE7553800129DC7 /* Trello */,
				7D7B934D1CE71D8700A03DAC /* AppDelegate.swift */,
				7D7B93511CE71D8700A03DAC /* Main.storyboard */,
				7D7B93541CE71D8700A03DAC /* Assets.xcassets */,
				7D7B93561CE71D8700A03DAC /* LaunchScreen.storyboard */,
				7D7B93591CE71D8700A03DAC /* Info.plist */,
			);
			path = Assistant;
			sourceTree = "<group>";
		};
		7D7B935F1CE73B7C00A03DAC /* Frameworks */ = {
			isa = PBXGroup;
			children = (
			);
			path = Frameworks;
			sourceTree = "<group>";
		};
		7D7B93741CE76CA700A03DAC /* Extensions */ = {
			isa = PBXGroup;
			children = (
				7D7B93751CE76CB400A03DAC /* String.swift */,
			);
			path = Extensions;
			sourceTree = "<group>";
		};
		7D7B93771CE7A97400A03DAC /* DataPersistor */ = {
			isa = PBXGroup;
			children = (
				7D7B93781CE7A98600A03DAC /* DataPersistor.swift */,
			);
			path = DataPersistor;
			sourceTree = "<group>";
		};
		7D7B93841CE7C87900A03DAC /* View */ = {
			isa = PBXGroup;
			children = (
				7D7B93981CE7CA8100A03DAC /* SideMenu */,
				7D7B93851CE7C87900A03DAC /* Activity */,
				7D7B939D1CE7CA9700A03DAC /* SideMenuTable */,
				7D7B93871CE7C87900A03DAC /* MessagesView */,
				7D7B938F1CE7C87900A03DAC /* StoryboardInstantiable.swift */,
			);
			path = View;
			sourceTree = "<group>";
		};
		7D7B93851CE7C87900A03DAC /* Activity */ = {
			isa = PBXGroup;
			children = (
				7D7B93861CE7C87900A03DAC /* ActivityViewController.swift */,
			);
			path = Activity;
			sourceTree = "<group>";
		};
		7D7B93871CE7C87900A03DAC /* MessagesView */ = {
			isa = PBXGroup;
			children = (
				7D7B93881CE7C87900A03DAC /* Message.swift */,
				7D7B93891CE7C87900A03DAC /* MessagesTableView.swift */,
				7D7B938A1CE7C87900A03DAC /* MessagesViewController.swift */,
				7D7B938B1CE7C87900A03DAC /* MessageTableViewCell.swift */,
			);
			path = MessagesView;
			sourceTree = "<group>";
		};
		7D7B93981CE7CA8100A03DAC /* SideMenu */ = {
			isa = PBXGroup;
			children = (
				7D7B93991CE7CA8100A03DAC /* ENSideMenu.swift */,
				7D7B939A1CE7CA8100A03DAC /* ENSideMenuNavigationController.swift */,
			);
			path = SideMenu;
			sourceTree = "<group>";
		};
		7D7B939D1CE7CA9700A03DAC /* SideMenuTable */ = {
			isa = PBXGroup;
			children = (
				7D7B93A81CE7D1E100A03DAC /* NavigationController.swift */,
				7D7B939E1CE7CAC100A03DAC /* SideMenuViewController.swift */,
				7D7B93A41CE7CC7F00A03DAC /* UsersTableView.swift */,
				7D7B93A61CE7CC8E00A03DAC /* ChannelsTableView.swift */,
				7D7B93A01CE7CB8800A03DAC /* ChannelTableViewCell.swift */,
				7D7B93A21CE7CB9900A03DAC /* UserTableViewCell.swift */,
			);
			path = SideMenuTable;
			sourceTree = "<group>";
		};
		7DD2ABC61CE7200D0025024C /* SlackAPI */ = {
			isa = PBXGroup;
			children = (
				7D099AC81CE770E500CFCC7F /* DataTypes */,
				7DD2ABD11CE745BB0025024C /* Starscream.framework */,
				7DD2ABC91CE721F70025024C /* SlackClient.swift */,
				7DD2ABCD1CE73BC80025024C /* SlackAuthenticator.swift */,
				7DD2ABD31CE745C70025024C /* SlackRealtimeMessager.swift */,
				7D099ABE1CE75EE600CFCC7F /* SRMDelegate.swift */,
				7D099AC61CE76D6A00CFCC7F /* SlackFetcher.swift */,
				7D099ACB1CE777E400CFCC7F /* SRMRetriever.swift */,
			);
			path = SlackAPI;
			sourceTree = "<group>";
		};
		B1489F5E1CE7A52C00B84213 /* Models */ = {
			isa = PBXGroup;
			children = (
				B19D04101CE7E21900CB8BA6 /* Member.swift */,
				B1489F6B1CE7A82B00B84213 /* Board.swift */,
				B1489F6D1CE7AADD00B84213 /* BoardMember.swift */,
				B1489F6F1CE7B08E00B84213 /* List.swift */,
				B19D03D61CE7B9BD00CB8BA6 /* Card.swift */,
			);
			path = Models;
			sourceTree = "<group>";
		};
		B159DD811CE7553800129DC7 /* Trello */ = {
			isa = PBXGroup;
			children = (
				B19D04121CE7F01900CB8BA6 /* TrelloInterface.swift */,
				B159DDA21CE76CA500129DC7 /* Alamofire.xcodeproj */,
				B159DD821CE7554200129DC7 /* OAuthSwift.xcodeproj */,
				B19D03E41CE7C20600CB8BA6 /* Extensions */,
				B1489F5E1CE7A52C00B84213 /* Models */,
				B159DD9C1CE7635700129DC7 /* Trello.swift */,
				B159DD9E1CE767CC00129DC7 /* TrelloRequester.swift */,
				B19D04021CE7DDA100CB8BA6 /* TrelloDataHolder.swift */,
			);
			path = Trello;
			sourceTree = "<group>";
		};
		B159DD831CE7554200129DC7 /* Products */ = {
			isa = PBXGroup;
			children = (
				B159DD8D1CE7554200129DC7 /* OAuthSwift.framework */,
				B159DD8F1CE7554200129DC7 /* OAuthSwiftDemo.app */,
				B159DD911CE7554200129DC7 /* OAuthSwift.framework */,
				B159DD931CE7554200129DC7 /* OAuthSwiftOSXDemo.app */,
				B159DD951CE7554200129DC7 /* OAuthSwift.framework */,
				B159DD971CE7554200129DC7 /* OAuthSwift.framework */,
				B159DD991CE7554200129DC7 /* OAuthSwiftTests.xctest */,
			);
			name = Products;
			sourceTree = "<group>";
		};
		B159DDA31CE76CA500129DC7 /* Products */ = {
			isa = PBXGroup;
			children = (
				B159DDAD1CE76CA500129DC7 /* Alamofire.framework */,
				B159DDAF1CE76CA500129DC7 /* Alamofire iOS Tests.xctest */,
				B159DDB11CE76CA500129DC7 /* Alamofire.framework */,
				B159DDB31CE76CA500129DC7 /* Alamofire OSX Tests.xctest */,
				B159DDB51CE76CA500129DC7 /* Alamofire.framework */,
				B159DDB71CE76CA500129DC7 /* Alamofire tvOS Tests.xctest */,
				B159DDB91CE76CA500129DC7 /* Alamofire.framework */,
			);
			name = Products;
			sourceTree = "<group>";
		};
		B19D03E41CE7C20600CB8BA6 /* Extensions */ = {
			isa = PBXGroup;
			children = (
				B19D03E51CE7C21800CB8BA6 /* NSData+Trello.swift */,
			);
			path = Extensions;
			sourceTree = "<group>";
		};
/* End PBXGroup section */

/* Begin PBXNativeTarget section */
		7D7B93491CE71D8700A03DAC /* Assistant */ = {
			isa = PBXNativeTarget;
			buildConfigurationList = 7D7B935C1CE71D8700A03DAC /* Build configuration list for PBXNativeTarget "Assistant" */;
			buildPhases = (
				7D7B93461CE71D8700A03DAC /* Sources */,
				7D7B93471CE71D8700A03DAC /* Frameworks */,
				7D7B93481CE71D8700A03DAC /* Resources */,
				7D7B93641CE73B8700A03DAC /* Embed Frameworks */,
			);
			buildRules = (
			);
			dependencies = (
				B19D03FB1CE7CE7D00CB8BA6 /* PBXTargetDependency */,
				B159DDBB1CE76CF500129DC7 /* PBXTargetDependency */,
				B159DDBF1CE76D2000129DC7 /* PBXTargetDependency */,
				B19D03FF1CE7CE8D00CB8BA6 /* PBXTargetDependency */,
			);
			name = Assistant;
			productName = Assistant;
			productReference = 7D7B934A1CE71D8700A03DAC /* Assistant.app */;
			productType = "com.apple.product-type.application";
		};
/* End PBXNativeTarget section */

/* Begin PBXProject section */
		7D7B93421CE71D8700A03DAC /* Project object */ = {
			isa = PBXProject;
			attributes = {
				LastSwiftUpdateCheck = 0730;
				LastUpgradeCheck = 0730;
				ORGANIZATIONNAME = Bananos;
				TargetAttributes = {
					7D7B93491CE71D8700A03DAC = {
						CreatedOnToolsVersion = 7.3.1;
						DevelopmentTeam = 9XTDAT7GE2;
					};
				};
			};
			buildConfigurationList = 7D7B93451CE71D8700A03DAC /* Build configuration list for PBXProject "Assistant" */;
			compatibilityVersion = "Xcode 3.2";
			developmentRegion = English;
			hasScannedForEncodings = 0;
			knownRegions = (
				en,
				Base,
			);
			mainGroup = 7D7B93411CE71D8700A03DAC;
			productRefGroup = 7D7B934B1CE71D8700A03DAC /* Products */;
			projectDirPath = "";
			projectReferences = (
				{
					ProductGroup = B159DDA31CE76CA500129DC7 /* Products */;
					ProjectRef = B159DDA21CE76CA500129DC7 /* Alamofire.xcodeproj */;
				},
				{
					ProductGroup = B159DD831CE7554200129DC7 /* Products */;
					ProjectRef = B159DD821CE7554200129DC7 /* OAuthSwift.xcodeproj */;
				},
			);
			projectRoot = "";
			targets = (
				7D7B93491CE71D8700A03DAC /* Assistant */,
			);
		};
/* End PBXProject section */

/* Begin PBXReferenceProxy section */
		B159DD8D1CE7554200129DC7 /* OAuthSwift.framework */ = {
			isa = PBXReferenceProxy;
			fileType = wrapper.framework;
			path = OAuthSwift.framework;
			remoteRef = B159DD8C1CE7554200129DC7 /* PBXContainerItemProxy */;
			sourceTree = BUILT_PRODUCTS_DIR;
		};
		B159DD8F1CE7554200129DC7 /* OAuthSwiftDemo.app */ = {
			isa = PBXReferenceProxy;
			fileType = wrapper.application;
			path = OAuthSwiftDemo.app;
			remoteRef = B159DD8E1CE7554200129DC7 /* PBXContainerItemProxy */;
			sourceTree = BUILT_PRODUCTS_DIR;
		};
		B159DD911CE7554200129DC7 /* OAuthSwift.framework */ = {
			isa = PBXReferenceProxy;
			fileType = wrapper.framework;
			path = OAuthSwift.framework;
			remoteRef = B159DD901CE7554200129DC7 /* PBXContainerItemProxy */;
			sourceTree = BUILT_PRODUCTS_DIR;
		};
		B159DD931CE7554200129DC7 /* OAuthSwiftOSXDemo.app */ = {
			isa = PBXReferenceProxy;
			fileType = wrapper.application;
			path = OAuthSwiftOSXDemo.app;
			remoteRef = B159DD921CE7554200129DC7 /* PBXContainerItemProxy */;
			sourceTree = BUILT_PRODUCTS_DIR;
		};
		B159DD951CE7554200129DC7 /* OAuthSwift.framework */ = {
			isa = PBXReferenceProxy;
			fileType = wrapper.framework;
			path = OAuthSwift.framework;
			remoteRef = B159DD941CE7554200129DC7 /* PBXContainerItemProxy */;
			sourceTree = BUILT_PRODUCTS_DIR;
		};
		B159DD971CE7554200129DC7 /* OAuthSwift.framework */ = {
			isa = PBXReferenceProxy;
			fileType = wrapper.framework;
			path = OAuthSwift.framework;
			remoteRef = B159DD961CE7554200129DC7 /* PBXContainerItemProxy */;
			sourceTree = BUILT_PRODUCTS_DIR;
		};
		B159DD991CE7554200129DC7 /* OAuthSwiftTests.xctest */ = {
			isa = PBXReferenceProxy;
			fileType = wrapper.cfbundle;
			path = OAuthSwiftTests.xctest;
			remoteRef = B159DD981CE7554200129DC7 /* PBXContainerItemProxy */;
			sourceTree = BUILT_PRODUCTS_DIR;
		};
		B159DDAD1CE76CA500129DC7 /* Alamofire.framework */ = {
			isa = PBXReferenceProxy;
			fileType = wrapper.framework;
			path = Alamofire.framework;
			remoteRef = B159DDAC1CE76CA500129DC7 /* PBXContainerItemProxy */;
			sourceTree = BUILT_PRODUCTS_DIR;
		};
		B159DDAF1CE76CA500129DC7 /* Alamofire iOS Tests.xctest */ = {
			isa = PBXReferenceProxy;
			fileType = wrapper.cfbundle;
			path = "Alamofire iOS Tests.xctest";
			remoteRef = B159DDAE1CE76CA500129DC7 /* PBXContainerItemProxy */;
			sourceTree = BUILT_PRODUCTS_DIR;
		};
		B159DDB11CE76CA500129DC7 /* Alamofire.framework */ = {
			isa = PBXReferenceProxy;
			fileType = wrapper.framework;
			path = Alamofire.framework;
			remoteRef = B159DDB01CE76CA500129DC7 /* PBXContainerItemProxy */;
			sourceTree = BUILT_PRODUCTS_DIR;
		};
		B159DDB31CE76CA500129DC7 /* Alamofire OSX Tests.xctest */ = {
			isa = PBXReferenceProxy;
			fileType = wrapper.cfbundle;
			path = "Alamofire OSX Tests.xctest";
			remoteRef = B159DDB21CE76CA500129DC7 /* PBXContainerItemProxy */;
			sourceTree = BUILT_PRODUCTS_DIR;
		};
		B159DDB51CE76CA500129DC7 /* Alamofire.framework */ = {
			isa = PBXReferenceProxy;
			fileType = wrapper.framework;
			path = Alamofire.framework;
			remoteRef = B159DDB41CE76CA500129DC7 /* PBXContainerItemProxy */;
			sourceTree = BUILT_PRODUCTS_DIR;
		};
		B159DDB71CE76CA500129DC7 /* Alamofire tvOS Tests.xctest */ = {
			isa = PBXReferenceProxy;
			fileType = wrapper.cfbundle;
			path = "Alamofire tvOS Tests.xctest";
			remoteRef = B159DDB61CE76CA500129DC7 /* PBXContainerItemProxy */;
			sourceTree = BUILT_PRODUCTS_DIR;
		};
		B159DDB91CE76CA500129DC7 /* Alamofire.framework */ = {
			isa = PBXReferenceProxy;
			fileType = wrapper.framework;
			path = Alamofire.framework;
			remoteRef = B159DDB81CE76CA500129DC7 /* PBXContainerItemProxy */;
			sourceTree = BUILT_PRODUCTS_DIR;
		};
/* End PBXReferenceProxy section */

/* Begin PBXResourcesBuildPhase section */
		7D7B93481CE71D8700A03DAC /* Resources */ = {
			isa = PBXResourcesBuildPhase;
			buildActionMask = 2147483647;
			files = (
				7D7B93581CE71D8700A03DAC /* LaunchScreen.storyboard in Resources */,
				7D7B93551CE71D8700A03DAC /* Assets.xcassets in Resources */,
				7D7B93531CE71D8700A03DAC /* Main.storyboard in Resources */,
			);
			runOnlyForDeploymentPostprocessing = 0;
		};
/* End PBXResourcesBuildPhase section */

/* Begin PBXSourcesBuildPhase section */
		7D7B93461CE71D8700A03DAC /* Sources */ = {
			isa = PBXSourcesBuildPhase;
			buildActionMask = 2147483647;
			files = (
				7D099B481CE7FEC500CFCC7F /* String.swift in Sources */,
				7D099B491CE7FEC500CFCC7F /* SlackAuthenticator.swift in Sources */,
				7D099B4A1CE7FEC500CFCC7F /* SlackRealtimeMessager.swift in Sources */,
				B19D04031CE7DDA100CB8BA6 /* TrelloDataHolder.swift in Sources */,
				7D099AE51CE7D36200CFCC7F /* ChatBot.swift in Sources */,
				7D099AD11CE78C0D00CFCC7F /* AppDelegate.swift in Sources */,
				B19D04131CE7F01900CB8BA6 /* TrelloInterface.swift in Sources */,
				B19D04111CE7E21900CB8BA6 /* Member.swift in Sources */,
				7D7B93A51CE7CC7F00A03DAC /* UsersTableView.swift in Sources */,
				7D7B93941CE7C87900A03DAC /* MessageTableViewCell.swift in Sources */,
				7D099ACA1CE7777500CFCC7F /* SlackTeam.swift in Sources */,
				7DD2ABCA1CE721F70025024C /* SlackClient.swift in Sources */,
				7D7B93971CE7C87900A03DAC /* StoryboardInstantiable.swift in Sources */,
				7D099AE61CE7D36200CFCC7F /* Token.swift in Sources */,
				7D099AC71CE76D6A00CFCC7F /* SlackFetcher.swift in Sources */,
				7D7B939B1CE7CA8100A03DAC /* ENSideMenu.swift in Sources */,
				7D099AC51CE765C300CFCC7F /* SlackChannel.swift in Sources */,
				7D7B93921CE7C87900A03DAC /* MessagesTableView.swift in Sources */,
				7D099ACC1CE777E400CFCC7F /* SRMRetriever.swift in Sources */,
				7D099ABF1CE75EE600CFCC7F /* SRMDelegate.swift in Sources */,
				7D7B93A31CE7CB9900A03DAC /* UserTableViewCell.swift in Sources */,
				7D099AC11CE75F0200CFCC7F /* SlackEvent.swift in Sources */,
				7D7B93A91CE7D1E100A03DAC /* NavigationController.swift in Sources */,
				7D7B93931CE7C87900A03DAC /* MessagesViewController.swift in Sources */,
				7D7B93791CE7A98600A03DAC /* DataPersistor.swift in Sources */,
				7D7B93A11CE7CB8800A03DAC /* ChannelTableViewCell.swift in Sources */,
				7D099AC31CE7641A00CFCC7F /* SlackMessage.swift in Sources */,
				7D7B93911CE7C87900A03DAC /* Message.swift in Sources */,
				7D7B93901CE7C87900A03DAC /* ActivityViewController.swift in Sources */,
				7D7B939C1CE7CA8100A03DAC /* ENSideMenuNavigationController.swift in Sources */,
				7D7B939F1CE7CAC200A03DAC /* SideMenuViewController.swift in Sources */,
				7DD2ABD01CE73D160025024C /* SlackUser.swift in Sources */,
				B159DD9D1CE7635700129DC7 /* Trello.swift in Sources */,
				7D099AF51CE7E25B00CFCC7F /* Parser.swift in Sources */,
				B1489F701CE7B08E00B84213 /* List.swift in Sources */,
				B1489F6E1CE7AADD00B84213 /* BoardMember.swift in Sources */,
				B19D03E61CE7C21800CB8BA6 /* NSData+Trello.swift in Sources */,
				B1489F6C1CE7A82B00B84213 /* Board.swift in Sources */,
				B159DD9F1CE767CC00129DC7 /* TrelloRequester.swift in Sources */,
				7D099AE71CE7D36200CFCC7F /* Tokenizer.swift in Sources */,
				B19D03D71CE7B9BD00CB8BA6 /* Card.swift in Sources */,
				7D7B93A71CE7CC8E00A03DAC /* ChannelsTableView.swift in Sources */,
			);
			runOnlyForDeploymentPostprocessing = 0;
		};
/* End PBXSourcesBuildPhase section */

/* Begin PBXTargetDependency section */
		B159DDBB1CE76CF500129DC7 /* PBXTargetDependency */ = {
			isa = PBXTargetDependency;
			name = "Alamofire iOS";
			targetProxy = B159DDBA1CE76CF500129DC7 /* PBXContainerItemProxy */;
		};
		B159DDBF1CE76D2000129DC7 /* PBXTargetDependency */ = {
			isa = PBXTargetDependency;
			name = "Alamofire iOS";
			targetProxy = B159DDBE1CE76D2000129DC7 /* PBXContainerItemProxy */;
		};
		B19D03FB1CE7CE7D00CB8BA6 /* PBXTargetDependency */ = {
			isa = PBXTargetDependency;
			name = OAuthSwift;
			targetProxy = B19D03FA1CE7CE7D00CB8BA6 /* PBXContainerItemProxy */;
		};
		B19D03FF1CE7CE8D00CB8BA6 /* PBXTargetDependency */ = {
			isa = PBXTargetDependency;
			name = OAuthSwift;
			targetProxy = B19D03FE1CE7CE8D00CB8BA6 /* PBXContainerItemProxy */;
		};
/* End PBXTargetDependency section */

/* Begin PBXVariantGroup section */
		7D7B93511CE71D8700A03DAC /* Main.storyboard */ = {
			isa = PBXVariantGroup;
			children = (
				7D7B93521CE71D8700A03DAC /* Base */,
			);
			name = Main.storyboard;
			sourceTree = "<group>";
		};
		7D7B93561CE71D8700A03DAC /* LaunchScreen.storyboard */ = {
			isa = PBXVariantGroup;
			children = (
				7D7B93571CE71D8700A03DAC /* Base */,
			);
			name = LaunchScreen.storyboard;
			sourceTree = "<group>";
		};
/* End PBXVariantGroup section */

/* Begin XCBuildConfiguration section */
		7D7B935A1CE71D8700A03DAC /* Debug */ = {
			isa = XCBuildConfiguration;
			buildSettings = {
				ALWAYS_SEARCH_USER_PATHS = NO;
				CLANG_ANALYZER_NONNULL = YES;
				CLANG_CXX_LANGUAGE_STANDARD = "gnu++0x";
				CLANG_CXX_LIBRARY = "libc++";
				CLANG_ENABLE_MODULES = YES;
				CLANG_ENABLE_OBJC_ARC = YES;
				CLANG_WARN_BOOL_CONVERSION = YES;
				CLANG_WARN_CONSTANT_CONVERSION = YES;
				CLANG_WARN_DIRECT_OBJC_ISA_USAGE = YES_ERROR;
				CLANG_WARN_EMPTY_BODY = YES;
				CLANG_WARN_ENUM_CONVERSION = YES;
				CLANG_WARN_INT_CONVERSION = YES;
				CLANG_WARN_OBJC_ROOT_CLASS = YES_ERROR;
				CLANG_WARN_UNREACHABLE_CODE = YES;
				CLANG_WARN__DUPLICATE_METHOD_MATCH = YES;
				COPY_PHASE_STRIP = NO;
				DEBUG_INFORMATION_FORMAT = dwarf;
				ENABLE_STRICT_OBJC_MSGSEND = YES;
				ENABLE_TESTABILITY = YES;
				GCC_C_LANGUAGE_STANDARD = gnu99;
				GCC_DYNAMIC_NO_PIC = NO;
				GCC_NO_COMMON_BLOCKS = YES;
				GCC_OPTIMIZATION_LEVEL = 0;
				GCC_PREPROCESSOR_DEFINITIONS = (
					"DEBUG=1",
					"$(inherited)",
				);
				GCC_WARN_64_TO_32_BIT_CONVERSION = YES;
				GCC_WARN_ABOUT_RETURN_TYPE = YES_ERROR;
				GCC_WARN_UNDECLARED_SELECTOR = YES;
				GCC_WARN_UNINITIALIZED_AUTOS = YES_AGGRESSIVE;
				GCC_WARN_UNUSED_FUNCTION = YES;
				GCC_WARN_UNUSED_VARIABLE = YES;
				IPHONEOS_DEPLOYMENT_TARGET = 9.3;
				MTL_ENABLE_DEBUG_INFO = YES;
				ONLY_ACTIVE_ARCH = YES;
				SDKROOT = iphoneos;
				SWIFT_OPTIMIZATION_LEVEL = "-Onone";
			};
			name = Debug;
		};
		7D7B935B1CE71D8700A03DAC /* Release */ = {
			isa = XCBuildConfiguration;
			buildSettings = {
				ALWAYS_SEARCH_USER_PATHS = NO;
				CLANG_ANALYZER_NONNULL = YES;
				CLANG_CXX_LANGUAGE_STANDARD = "gnu++0x";
				CLANG_CXX_LIBRARY = "libc++";
				CLANG_ENABLE_MODULES = YES;
				CLANG_ENABLE_OBJC_ARC = YES;
				CLANG_WARN_BOOL_CONVERSION = YES;
				CLANG_WARN_CONSTANT_CONVERSION = YES;
				CLANG_WARN_DIRECT_OBJC_ISA_USAGE = YES_ERROR;
				CLANG_WARN_EMPTY_BODY = YES;
				CLANG_WARN_ENUM_CONVERSION = YES;
				CLANG_WARN_INT_CONVERSION = YES;
				CLANG_WARN_OBJC_ROOT_CLASS = YES_ERROR;
				CLANG_WARN_UNREACHABLE_CODE = YES;
				CLANG_WARN__DUPLICATE_METHOD_MATCH = YES;
				COPY_PHASE_STRIP = NO;
				DEBUG_INFORMATION_FORMAT = "dwarf-with-dsym";
				ENABLE_NS_ASSERTIONS = NO;
				ENABLE_STRICT_OBJC_MSGSEND = YES;
				GCC_C_LANGUAGE_STANDARD = gnu99;
				GCC_NO_COMMON_BLOCKS = YES;
				GCC_WARN_64_TO_32_BIT_CONVERSION = YES;
				GCC_WARN_ABOUT_RETURN_TYPE = YES_ERROR;
				GCC_WARN_UNDECLARED_SELECTOR = YES;
				GCC_WARN_UNINITIALIZED_AUTOS = YES_AGGRESSIVE;
				GCC_WARN_UNUSED_FUNCTION = YES;
				GCC_WARN_UNUSED_VARIABLE = YES;
				IPHONEOS_DEPLOYMENT_TARGET = 9.3;
				MTL_ENABLE_DEBUG_INFO = NO;
				SDKROOT = iphoneos;
				VALIDATE_PRODUCT = YES;
			};
			name = Release;
		};
		7D7B935D1CE71D8700A03DAC /* Debug */ = {
			isa = XCBuildConfiguration;
			buildSettings = {
				ASSETCATALOG_COMPILER_APPICON_NAME = AppIcon;
				CODE_SIGN_IDENTITY = "iPhone Developer";
				"CODE_SIGN_IDENTITY[sdk=iphoneos*]" = "iPhone Developer";
				EMBEDDED_CONTENT_CONTAINS_SWIFT = YES;
				FRAMEWORK_SEARCH_PATHS = (
					"$(inherited)",
					"$(PROJECT_DIR)/Frameworks",
					"$(PROJECT_DIR)/Assistant/SlackAPI",
				);
				INFOPLIST_FILE = Assistant/Info.plist;
				IPHONEOS_DEPLOYMENT_TARGET = 9.0;
				LD_RUNPATH_SEARCH_PATHS = "$(inherited) @executable_path/Frameworks";
				PRODUCT_BUNDLE_IDENTIFIER = com.bananosteam.AssistantApp;
				PRODUCT_NAME = "$(TARGET_NAME)";
				PROVISIONING_PROFILE = "";
			};
			name = Debug;
		};
		7D7B935E1CE71D8700A03DAC /* Release */ = {
			isa = XCBuildConfiguration;
			buildSettings = {
				ASSETCATALOG_COMPILER_APPICON_NAME = AppIcon;
				CODE_SIGN_IDENTITY = "iPhone Developer";
				"CODE_SIGN_IDENTITY[sdk=iphoneos*]" = "iPhone Developer";
				EMBEDDED_CONTENT_CONTAINS_SWIFT = YES;
				FRAMEWORK_SEARCH_PATHS = (
					"$(inherited)",
					"$(PROJECT_DIR)/Frameworks",
					"$(PROJECT_DIR)/Assistant/SlackAPI",
				);
				INFOPLIST_FILE = Assistant/Info.plist;
				IPHONEOS_DEPLOYMENT_TARGET = 9.0;
				LD_RUNPATH_SEARCH_PATHS = "$(inherited) @executable_path/Frameworks";
				PRODUCT_BUNDLE_IDENTIFIER = com.bananosteam.AssistantApp;
				PRODUCT_NAME = "$(TARGET_NAME)";
				PROVISIONING_PROFILE = "";
			};
			name = Release;
		};
/* End XCBuildConfiguration section */

/* Begin XCConfigurationList section */
		7D7B93451CE71D8700A03DAC /* Build configuration list for PBXProject "Assistant" */ = {
			isa = XCConfigurationList;
			buildConfigurations = (
				7D7B935A1CE71D8700A03DAC /* Debug */,
				7D7B935B1CE71D8700A03DAC /* Release */,
			);
			defaultConfigurationIsVisible = 0;
			defaultConfigurationName = Release;
		};
		7D7B935C1CE71D8700A03DAC /* Build configuration list for PBXNativeTarget "Assistant" */ = {
			isa = XCConfigurationList;
			buildConfigurations = (
				7D7B935D1CE71D8700A03DAC /* Debug */,
				7D7B935E1CE71D8700A03DAC /* Release */,
			);
			defaultConfigurationIsVisible = 0;
			defaultConfigurationName = Release;
		};
/* End XCConfigurationList section */
	};
	rootObject = 7D7B93421CE71D8700A03DAC /* Project object */;
}
